{
	"name": "oag-template",
	"lockfileVersion": 2,
	"requires": true,
	"packages": {
	  "": {
		"name": "oag-template",
		"version": "1.0.0",
		"dependencies": {
		  "@wet-boew/gcweb": "^11.0.0"
		},
		"devDependencies": {
		  "autoprefixer": "^10.4.14",
		  "postcss-cli": "^10.1.0",
		  "stylelint": "^15.10.3",
		  "prettier": "^3.0.3"
		}
	  },
	  "node_modules/@wet-boew/gcweb": {
		"version": "11.0.0",
		"resolved": "https://registry.npmjs.org/@wet-boew/gcweb/-/gcweb-11.0.0.tgz",
		"integrity": "sha512-xxxxxxxxxxxxxxxxxxxxxxxxxxxxxxxxxxxxxxxxxxx"
	  },
	  "node_modules/autoprefixer": {
		"version": "10.4.14",
		"resolved": "https://registry.npmjs.org/autoprefixer/-/autoprefixer-10.4.14.tgz",
		"integrity": "sha512-xxxxxxxxxxxxxxxxxxxxxxxxxxxxxxxxxxxxxxxxxxx"
	  }
	}
  }
  